// !$*UTF8*$!
{
	archiveVersion = 1;
	classes = {
	};
	objectVersion = 56;
	objects = {

/* Begin PBXBuildFile section */
		F9957DB7DF2D2C367E927962 /* LoraViewerApp.swift in Sources */ = {isa = PBXBuildFile; fileRef = AD99A27981AD6974C197C193 /* LoraViewerApp.swift */; };
		BCD4FBB3E5F5F2AB09041F69 /* Decoding+Lenient.swift in Sources */ = {isa = PBXBuildFile; fileRef = 598404385A68E47EEC291357 /* Decoding+Lenient.swift */; };
		272EF6611C5EB6D381CE3D26 /* TrailRouteDateFormatter.swift in Sources */ = {isa = PBXBuildFile; fileRef = FFEB47EFCE96D268BBA00FEC /* TrailRouteDateFormatter.swift */; };
		258E7CB8694336A4353B2A91 /* GliderPosition.swift in Sources */ = {isa = PBXBuildFile; fileRef = 951F8FF47B8D8FC24187E68B /* GliderPosition.swift */; };
		BEFDF00318CF670DF5289E63 /* AppConfig.swift in Sources */ = {isa = PBXBuildFile; fileRef = 0E1561F935182D97083E6BE9 /* AppConfig.swift */; };
		B13C8D82EB1DD705E2BA1E12 /* TrackPoint.swift in Sources */ = {isa = PBXBuildFile; fileRef = 361770CFEC5694E3C671865A /* TrackPoint.swift */; };
		D10E798551C453E963789A81 /* GliderAlertReason.swift in Sources */ = {isa = PBXBuildFile; fileRef = A7F8D60A409FF2FB90B6ED85 /* GliderAlertReason.swift */; };
		91B0224D1A2F9FCEC0491F07 /* CompetitionTaskCourse.swift in Sources */ = {isa = PBXBuildFile; fileRef = BB422A315DCABFFBDE87D5A5 /* CompetitionTaskCourse.swift */; };
		9117CAA404CD0939B761CE3A /* TurnpointPassageRecord.swift in Sources */ = {isa = PBXBuildFile; fileRef = 624EFCBB6D0A4FC930BAF713 /* TurnpointPassageRecord.swift */; };
		EF0CA7587A026499C0BFBF16 /* APISettings.swift in Sources */ = {isa = PBXBuildFile; fileRef = 6BF32B0FC2238C37E0397A1B /* APISettings.swift */; };
		61CD3BC8F179F6227EEBC938 /* TrailRouteAPI.swift in Sources */ = {isa = PBXBuildFile; fileRef = E463E6A2FBAEE87765A67BB7 /* TrailRouteAPI.swift */; };
		41E57F1A3CA2F561B37A9009 /* NicknameStore.swift in Sources */ = {isa = PBXBuildFile; fileRef = 41B967F0A3C78B47F183FD7A /* NicknameStore.swift */; };
		6DC46FF13DC2003BEC474A8A /* BoardOCR.swift in Sources */ = {isa = PBXBuildFile; fileRef = 99D0EB5282C4490135B7AC3E /* BoardOCR.swift */; };
		F411FB6731BDC85974FF1D99 /* FavoritesStore.swift in Sources */ = {isa = PBXBuildFile; fileRef = C300934E564C4FD0FEA81A05 /* FavoritesStore.swift */; };
		1F8466D16DD28FD21F7A371B /* AlertSettings.swift in Sources */ = {isa = PBXBuildFile; fileRef = E2C69820A7EC931B456D7377 /* AlertSettings.swift */; };
		32FCE8BF43AC106D3C651F73 /* CompetitionAltitudeGuideline.swift in Sources */ = {isa = PBXBuildFile; fileRef = 3918C74A707F8401FB01EDAA /* CompetitionAltitudeGuideline.swift */; };
		E5026B3B38A5889520A3538F /* UpperAltitudeGuideline.swift in Sources */ = {isa = PBXBuildFile; fileRef = 066CA948E1A10581E5B22AD1 /* UpperAltitudeGuideline.swift */; };
		E5A34D9B6FF67C941B0768CB /* ProximityAlertSettings.swift in Sources */ = {isa = PBXBuildFile; fileRef = DA368D189AB28CC61378DB14 /* ProximityAlertSettings.swift */; };
		A8A1F0B00F5D0AC0561AED18 /* LocationManager.swift in Sources */ = {isa = PBXBuildFile; fileRef = 4FC182A8ED509235E2764F6B /* LocationManager.swift */; };
		D2B5AA6F597A43A0789F93A8 /* AlertNotifier.swift in Sources */ = {isa = PBXBuildFile; fileRef = A4F51C3D83D570EACAB385B5 /* AlertNotifier.swift */; };
		11BDB99DFB5971ACEA454330 /* SubscriptionManager.swift in Sources */ = {isa = PBXBuildFile; fileRef = 6F00B558C9C56F4EA423CE12 /* SubscriptionManager.swift */; };
		E165D105273E0B25324E16F0 /* TurnpointPassageLog.swift in Sources */ = {isa = PBXBuildFile; fileRef = 9E72C1F2C53F9B5CC7973970 /* TurnpointPassageLog.swift */; };
		FC8320449B78BCD410170839 /* GliderTrackerViewModel.swift in Sources */ = {isa = PBXBuildFile; fileRef = EE840D79814E497C4BB8F3FF /* GliderTrackerViewModel.swift */; };
		1D0BAD6D6F7163A9F9051594 /* GliderMarkerView.swift in Sources */ = {isa = PBXBuildFile; fileRef = 583F5C31796B54A16BF1E773 /* GliderMarkerView.swift */; };
		5AA9A9C63C9CF483D4757E94 /* GliderDetailCard.swift in Sources */ = {isa = PBXBuildFile; fileRef = C13C96C75563E119AFB78D05 /* GliderDetailCard.swift */; };
		561BA8D742108E5A7B348741 /* GliderListView.swift in Sources */ = {isa = PBXBuildFile; fileRef = 947DDCC4DB09ED5479F9A172 /* GliderListView.swift */; };
		F08F790B73C47F13F6532482 /* SettingsView.swift in Sources */ = {isa = PBXBuildFile; fileRef = F48F66EF588C2CB1A6691DC0 /* SettingsView.swift */; };
		02D5648CA4B13801EC9685B8 /* TrackHistoryView.swift in Sources */ = {isa = PBXBuildFile; fileRef = 77402841246067E5A7A3941F /* TrackHistoryView.swift */; };
		38C837989D60D755DE13DF92 /* CurrentMapView.swift in Sources */ = {isa = PBXBuildFile; fileRef = C79B60948628C89AC59954F8 /* CurrentMapView.swift */; };
		8299B031365953536C53990F /* EditableGliderName.swift in Sources */ = {isa = PBXBuildFile; fileRef = 67C56281295C8B28EBB257F3 /* EditableGliderName.swift */; };
		5F7F7DF059C8EE0F2CCA3575 /* BoardScanView.swift in Sources */ = {isa = PBXBuildFile; fileRef = 53464B179DA1BE403824B12E /* BoardScanView.swift */; };
		57237FB5F3FB4986EE0CD6CA /* CameraCaptureView.swift in Sources */ = {isa = PBXBuildFile; fileRef = A8D4F59EE90C1491AB99DB49 /* CameraCaptureView.swift */; };
		55DC4D36F877094017C56B17 /* FavoriteButton.swift in Sources */ = {isa = PBXBuildFile; fileRef = 1EBAC6A8F2C0BEB36E02A439 /* FavoriteButton.swift */; };
		CDF07251E0509BB693B8496C /* ReferencePointPickerView.swift in Sources */ = {isa = PBXBuildFile; fileRef = E0A5E77EBBBC78D1F318D0EC /* ReferencePointPickerView.swift */; };
		DE8D69E8BCC618EA6183902C /* PaywallView.swift in Sources */ = {isa = PBXBuildFile; fileRef = 2590DDF0CA2571CEA5EA0956 /* PaywallView.swift */; };
		732A0268BA64A425F3BC441C /* TurnpointPassageHistoryView.swift in Sources */ = {isa = PBXBuildFile; fileRef = 933633E2B57393A421614848 /* TurnpointPassageHistoryView.swift */; };
		BBCC8E2FDA0EBFDF73F65A88 /* MKCoordinateRegion+Fit.swift in Sources */ = {isa = PBXBuildFile; fileRef = 72B1657493EB9AAF2D3610CC /* MKCoordinateRegion+Fit.swift */; };
		9258AD8090559228662BBCCF /* CLLocationCoordinate2D+Geometry.swift in Sources */ = {isa = PBXBuildFile; fileRef = 255F0C1D83D9E941271E264E /* CLLocationCoordinate2D+Geometry.swift */; };
		45B13990ADAFB8366DA6DC33 /* Assets.xcassets in Resources */ = {isa = PBXBuildFile; fileRef = E57D97F88D9220B6A495EF00 /* Assets.xcassets */; };
		81BEF3A474DBBEFADE4F4952 /* Preview Assets.xcassets in Resources */ = {isa = PBXBuildFile; fileRef = AD0A3C648792354BFDB982CC /* Preview Assets.xcassets */; };
		10CDEB7E7BCE0DA83EBA0CFE /* GoogleService-Info.plist in Resources */ = {isa = PBXBuildFile; fileRef = A76F1A7F4B331ADB5BFC5A68 /* GoogleService-Info.plist */; };
		45F9B9AB3DF1E6A56342C706 /* FirebaseCore in Frameworks */ = {isa = PBXBuildFile; productRef = 07A45F1F432AB06BAE50A18A /* FirebaseCore */; };
		7F73CFCB22E1F912E8599391 /* FirebaseFirestore in Frameworks */ = {isa = PBXBuildFile; productRef = 331CE90B1568FCF94816D8D2 /* FirebaseFirestore */; };
/* End PBXBuildFile section */

/* Begin PBXFileReference section */
		AD99A27981AD6974C197C193 /* LoraViewerApp.swift */ = {isa = PBXFileReference; lastKnownFileType = sourcecode.swift; path = "LoraViewerApp.swift"; sourceTree = "<group>"; };
		598404385A68E47EEC291357 /* Decoding+Lenient.swift */ = {isa = PBXFileReference; lastKnownFileType = sourcecode.swift; path = "Decoding+Lenient.swift"; sourceTree = "<group>"; };
		FFEB47EFCE96D268BBA00FEC /* TrailRouteDateFormatter.swift */ = {isa = PBXFileReference; lastKnownFileType = sourcecode.swift; path = "TrailRouteDateFormatter.swift"; sourceTree = "<group>"; };
		951F8FF47B8D8FC24187E68B /* GliderPosition.swift */ = {isa = PBXFileReference; lastKnownFileType = sourcecode.swift; path = "GliderPosition.swift"; sourceTree = "<group>"; };
		0E1561F935182D97083E6BE9 /* AppConfig.swift */ = {isa = PBXFileReference; lastKnownFileType = sourcecode.swift; path = "AppConfig.swift"; sourceTree = "<group>"; };
		361770CFEC5694E3C671865A /* TrackPoint.swift */ = {isa = PBXFileReference; lastKnownFileType = sourcecode.swift; path = "TrackPoint.swift"; sourceTree = "<group>"; };
		A7F8D60A409FF2FB90B6ED85 /* GliderAlertReason.swift */ = {isa = PBXFileReference; lastKnownFileType = sourcecode.swift; path = "GliderAlertReason.swift"; sourceTree = "<group>"; };
		BB422A315DCABFFBDE87D5A5 /* CompetitionTaskCourse.swift */ = {isa = PBXFileReference; lastKnownFileType = sourcecode.swift; path = "CompetitionTaskCourse.swift"; sourceTree = "<group>"; };
		624EFCBB6D0A4FC930BAF713 /* TurnpointPassageRecord.swift */ = {isa = PBXFileReference; lastKnownFileType = sourcecode.swift; path = "TurnpointPassageRecord.swift"; sourceTree = "<group>"; };
		6BF32B0FC2238C37E0397A1B /* APISettings.swift */ = {isa = PBXFileReference; lastKnownFileType = sourcecode.swift; path = "APISettings.swift"; sourceTree = "<group>"; };
		E463E6A2FBAEE87765A67BB7 /* TrailRouteAPI.swift */ = {isa = PBXFileReference; lastKnownFileType = sourcecode.swift; path = "TrailRouteAPI.swift"; sourceTree = "<group>"; };
		41B967F0A3C78B47F183FD7A /* NicknameStore.swift */ = {isa = PBXFileReference; lastKnownFileType = sourcecode.swift; path = "NicknameStore.swift"; sourceTree = "<group>"; };
		99D0EB5282C4490135B7AC3E /* BoardOCR.swift */ = {isa = PBXFileReference; lastKnownFileType = sourcecode.swift; path = "BoardOCR.swift"; sourceTree = "<group>"; };
		C300934E564C4FD0FEA81A05 /* FavoritesStore.swift */ = {isa = PBXFileReference; lastKnownFileType = sourcecode.swift; path = "FavoritesStore.swift"; sourceTree = "<group>"; };
		E2C69820A7EC931B456D7377 /* AlertSettings.swift */ = {isa = PBXFileReference; lastKnownFileType = sourcecode.swift; path = "AlertSettings.swift"; sourceTree = "<group>"; };
		3918C74A707F8401FB01EDAA /* CompetitionAltitudeGuideline.swift */ = {isa = PBXFileReference; lastKnownFileType = sourcecode.swift; path = "CompetitionAltitudeGuideline.swift"; sourceTree = "<group>"; };
		066CA948E1A10581E5B22AD1 /* UpperAltitudeGuideline.swift */ = {isa = PBXFileReference; lastKnownFileType = sourcecode.swift; path = "UpperAltitudeGuideline.swift"; sourceTree = "<group>"; };
		DA368D189AB28CC61378DB14 /* ProximityAlertSettings.swift */ = {isa = PBXFileReference; lastKnownFileType = sourcecode.swift; path = "ProximityAlertSettings.swift"; sourceTree = "<group>"; };
		4FC182A8ED509235E2764F6B /* LocationManager.swift */ = {isa = PBXFileReference; lastKnownFileType = sourcecode.swift; path = "LocationManager.swift"; sourceTree = "<group>"; };
		A4F51C3D83D570EACAB385B5 /* AlertNotifier.swift */ = {isa = PBXFileReference; lastKnownFileType = sourcecode.swift; path = "AlertNotifier.swift"; sourceTree = "<group>"; };
		6F00B558C9C56F4EA423CE12 /* SubscriptionManager.swift */ = {isa = PBXFileReference; lastKnownFileType = sourcecode.swift; path = "SubscriptionManager.swift"; sourceTree = "<group>"; };
		9E72C1F2C53F9B5CC7973970 /* TurnpointPassageLog.swift */ = {isa = PBXFileReference; lastKnownFileType = sourcecode.swift; path = "TurnpointPassageLog.swift"; sourceTree = "<group>"; };
		EE840D79814E497C4BB8F3FF /* GliderTrackerViewModel.swift */ = {isa = PBXFileReference; lastKnownFileType = sourcecode.swift; path = "GliderTrackerViewModel.swift"; sourceTree = "<group>"; };
		583F5C31796B54A16BF1E773 /* GliderMarkerView.swift */ = {isa = PBXFileReference; lastKnownFileType = sourcecode.swift; path = "GliderMarkerView.swift"; sourceTree = "<group>"; };
		C13C96C75563E119AFB78D05 /* GliderDetailCard.swift */ = {isa = PBXFileReference; lastKnownFileType = sourcecode.swift; path = "GliderDetailCard.swift"; sourceTree = "<group>"; };
		947DDCC4DB09ED5479F9A172 /* GliderListView.swift */ = {isa = PBXFileReference; lastKnownFileType = sourcecode.swift; path = "GliderListView.swift"; sourceTree = "<group>"; };
		F48F66EF588C2CB1A6691DC0 /* SettingsView.swift */ = {isa = PBXFileReference; lastKnownFileType = sourcecode.swift; path = "SettingsView.swift"; sourceTree = "<group>"; };
		77402841246067E5A7A3941F /* TrackHistoryView.swift */ = {isa = PBXFileReference; lastKnownFileType = sourcecode.swift; path = "TrackHistoryView.swift"; sourceTree = "<group>"; };
		C79B60948628C89AC59954F8 /* CurrentMapView.swift */ = {isa = PBXFileReference; lastKnownFileType = sourcecode.swift; path = "CurrentMapView.swift"; sourceTree = "<group>"; };
		67C56281295C8B28EBB257F3 /* EditableGliderName.swift */ = {isa = PBXFileReference; lastKnownFileType = sourcecode.swift; path = "EditableGliderName.swift"; sourceTree = "<group>"; };
		53464B179DA1BE403824B12E /* BoardScanView.swift */ = {isa = PBXFileReference; lastKnownFileType = sourcecode.swift; path = "BoardScanView.swift"; sourceTree = "<group>"; };
		A8D4F59EE90C1491AB99DB49 /* CameraCaptureView.swift */ = {isa = PBXFileReference; lastKnownFileType = sourcecode.swift; path = "CameraCaptureView.swift"; sourceTree = "<group>"; };
		1EBAC6A8F2C0BEB36E02A439 /* FavoriteButton.swift */ = {isa = PBXFileReference; lastKnownFileType = sourcecode.swift; path = "FavoriteButton.swift"; sourceTree = "<group>"; };
		E0A5E77EBBBC78D1F318D0EC /* ReferencePointPickerView.swift */ = {isa = PBXFileReference; lastKnownFileType = sourcecode.swift; path = "ReferencePointPickerView.swift"; sourceTree = "<group>"; };
		2590DDF0CA2571CEA5EA0956 /* PaywallView.swift */ = {isa = PBXFileReference; lastKnownFileType = sourcecode.swift; path = "PaywallView.swift"; sourceTree = "<group>"; };
		933633E2B57393A421614848 /* TurnpointPassageHistoryView.swift */ = {isa = PBXFileReference; lastKnownFileType = sourcecode.swift; path = "TurnpointPassageHistoryView.swift"; sourceTree = "<group>"; };
		72B1657493EB9AAF2D3610CC /* MKCoordinateRegion+Fit.swift */ = {isa = PBXFileReference; lastKnownFileType = sourcecode.swift; path = "MKCoordinateRegion+Fit.swift"; sourceTree = "<group>"; };
		255F0C1D83D9E941271E264E /* CLLocationCoordinate2D+Geometry.swift */ = {isa = PBXFileReference; lastKnownFileType = sourcecode.swift; path = "CLLocationCoordinate2D+Geometry.swift"; sourceTree = "<group>"; };
		E89172D281EBCA2A34EE5097 /* LoraViewer.app */ = {isa = PBXFileReference; explicitFileType = wrapper.application; includeInIndex = 0; path = LoraViewer.app; sourceTree = BUILT_PRODUCTS_DIR; };
		E57D97F88D9220B6A495EF00 /* Assets.xcassets */ = {isa = PBXFileReference; lastKnownFileType = folder.assetcatalog; path = Assets.xcassets; sourceTree = "<group>"; };
		AD0A3C648792354BFDB982CC /* Preview Assets.xcassets */ = {isa = PBXFileReference; lastKnownFileType = folder.assetcatalog; path = "Preview Assets.xcassets"; sourceTree = "<group>"; };
		A76F1A7F4B331ADB5BFC5A68 /* GoogleService-Info.plist */ = {isa = PBXFileReference; lastKnownFileType = text.plist.xml; path = "GoogleService-Info.plist"; sourceTree = "<group>"; };
		4FDEC6314D5D466A82A6DD9A /* Configuration.storekit */ = {isa = PBXFileReference; lastKnownFileType = text; path = "Configuration.storekit"; sourceTree = "<group>"; };
/* End PBXFileReference section */

/* Begin PBXFrameworksBuildPhase section */
		7171CF7FDDD27C0032BEF555 /* Frameworks */ = {
			isa = PBXFrameworksBuildPhase;
			buildActionMask = 2147483647;
			files = (
				45F9B9AB3DF1E6A56342C706 /* FirebaseCore in Frameworks */,
				7F73CFCB22E1F912E8599391 /* FirebaseFirestore in Frameworks */,
			);
			runOnlyForDeploymentPostprocessing = 0;
		};
/* End PBXFrameworksBuildPhase section */

/* Begin PBXGroup section */
		F2E53A901BAF2572112B408E = {
			isa = PBXGroup;
			children = (
				444866EAEAFF154FB3E46334 /* LoraViewer */,
				1C2E7EBAFE5884061F6DB64A /* Products */,
			);
			sourceTree = "<group>";
		};
		1C2E7EBAFE5884061F6DB64A /* Products */ = {
			isa = PBXGroup;
			children = (
				E89172D281EBCA2A34EE5097 /* LoraViewer.app */,
			);
			name = Products;
			sourceTree = "<group>";
		};
		444866EAEAFF154FB3E46334 /* LoraViewer */ = {
			isa = PBXGroup;
			children = (
				AD99A27981AD6974C197C193 /* LoraViewerApp.swift */,
				FFBEB2BD4B739956333D7CC6 /* Models */,
				41D8D87831B35C9C75712811 /* Services */,
				3F23291F6EE8E16A2D556705 /* Views */,
				6A3AA93937C8724920FC941C /* Utilities */,
				E57D97F88D9220B6A495EF00 /* Assets.xcassets */,
				A76F1A7F4B331ADB5BFC5A68 /* GoogleService-Info.plist */,
				4FDEC6314D5D466A82A6DD9A /* Configuration.storekit */,
				828EEF42003A1558EE6E6479 /* Preview Content */,
			);
			path = LoraViewer;
			sourceTree = "<group>";
		};
		FFBEB2BD4B739956333D7CC6 /* Models */ = {
			isa = PBXGroup;
			children = (
				598404385A68E47EEC291357 /* Decoding+Lenient.swift */,
				FFEB47EFCE96D268BBA00FEC /* TrailRouteDateFormatter.swift */,
				951F8FF47B8D8FC24187E68B /* GliderPosition.swift */,
				0E1561F935182D97083E6BE9 /* AppConfig.swift */,
				361770CFEC5694E3C671865A /* TrackPoint.swift */,
				A7F8D60A409FF2FB90B6ED85 /* GliderAlertReason.swift */,
				BB422A315DCABFFBDE87D5A5 /* CompetitionTaskCourse.swift */,
				624EFCBB6D0A4FC930BAF713 /* TurnpointPassageRecord.swift */,
			);
			path = Models;
			sourceTree = "<group>";
		};
		41D8D87831B35C9C75712811 /* Services */ = {
			isa = PBXGroup;
			children = (
				6BF32B0FC2238C37E0397A1B /* APISettings.swift */,
				E463E6A2FBAEE87765A67BB7 /* TrailRouteAPI.swift */,
				41B967F0A3C78B47F183FD7A /* NicknameStore.swift */,
				99D0EB5282C4490135B7AC3E /* BoardOCR.swift */,
				C300934E564C4FD0FEA81A05 /* FavoritesStore.swift */,
				E2C69820A7EC931B456D7377 /* AlertSettings.swift */,
				3918C74A707F8401FB01EDAA /* CompetitionAltitudeGuideline.swift */,
				066CA948E1A10581E5B22AD1 /* UpperAltitudeGuideline.swift */,
				DA368D189AB28CC61378DB14 /* ProximityAlertSettings.swift */,
				4FC182A8ED509235E2764F6B /* LocationManager.swift */,
				A4F51C3D83D570EACAB385B5 /* AlertNotifier.swift */,
				6F00B558C9C56F4EA423CE12 /* SubscriptionManager.swift */,
				9E72C1F2C53F9B5CC7973970 /* TurnpointPassageLog.swift */,
			);
			path = Services;
			sourceTree = "<group>";
		};
		3F23291F6EE8E16A2D556705 /* Views */ = {
			isa = PBXGroup;
			children = (
				EE840D79814E497C4BB8F3FF /* GliderTrackerViewModel.swift */,
				583F5C31796B54A16BF1E773 /* GliderMarkerView.swift */,
				C13C96C75563E119AFB78D05 /* GliderDetailCard.swift */,
				947DDCC4DB09ED5479F9A172 /* GliderListView.swift */,
				F48F66EF588C2CB1A6691DC0 /* SettingsView.swift */,
				77402841246067E5A7A3941F /* TrackHistoryView.swift */,
				C79B60948628C89AC59954F8 /* CurrentMapView.swift */,
				67C56281295C8B28EBB257F3 /* EditableGliderName.swift */,
				53464B179DA1BE403824B12E /* BoardScanView.swift */,
				A8D4F59EE90C1491AB99DB49 /* CameraCaptureView.swift */,
				1EBAC6A8F2C0BEB36E02A439 /* FavoriteButton.swift */,
				E0A5E77EBBBC78D1F318D0EC /* ReferencePointPickerView.swift */,
				2590DDF0CA2571CEA5EA0956 /* PaywallView.swift */,
				933633E2B57393A421614848 /* TurnpointPassageHistoryView.swift */,
			);
			path = Views;
			sourceTree = "<group>";
		};
		6A3AA93937C8724920FC941C /* Utilities */ = {
			isa = PBXGroup;
			children = (
				72B1657493EB9AAF2D3610CC /* MKCoordinateRegion+Fit.swift */,
				255F0C1D83D9E941271E264E /* CLLocationCoordinate2D+Geometry.swift */,
			);
			path = Utilities;
			sourceTree = "<group>";
		};
		828EEF42003A1558EE6E6479 /* Preview Content */ = {
			isa = PBXGroup;
			children = (
				AD0A3C648792354BFDB982CC /* Preview Assets.xcassets */,
			);
			path = "Preview Content";
			sourceTree = "<group>";
		};
/* End PBXGroup section */

/* Begin PBXNativeTarget section */
		C493E5B9D19364E766DE0D1B /* LoraViewer */ = {
			isa = PBXNativeTarget;
			buildConfigurationList = 4D0A4D6EEBC1F5E97631D59C /* Build configuration list for PBXNativeTarget "LoraViewer" */;
			buildPhases = (
				FBAEFC8EDF63713929964F62 /* Sources */,
				7171CF7FDDD27C0032BEF555 /* Frameworks */,
				8AA3D43F2D653A45FB3CF531 /* Resources */,
			);
			buildRules = (
			);
			dependencies = (
			);
			name = LoraViewer;
			packageProductDependencies = (
				07A45F1F432AB06BAE50A18A /* FirebaseCore */,
				331CE90B1568FCF94816D8D2 /* FirebaseFirestore */,
			);
			productName = LoraViewer;
			productReference = E89172D281EBCA2A34EE5097 /* LoraViewer.app */;
			productType = "com.apple.product-type.application";
		};
/* End PBXNativeTarget section */

/* Begin PBXProject section */
		FEE91B0278E5F119A24F6306 /* Project object */ = {
			isa = PBXProject;
			attributes = {
				BuildIndependentTargetsInParallel = 1;
				LastSwiftUpdateCheck = 1600;
				LastUpgradeCheck = 1600;
				TargetAttributes = {
					C493E5B9D19364E766DE0D1B = {
						CreatedOnToolsVersion = 16.0;
					};
				};
			};
			buildConfigurationList = 52ACF2C757877ACBCBC431FD /* Build configuration list for PBXProject "LoraViewer" */;
			compatibilityVersion = "Xcode 14.0";
			developmentRegion = ja;
			hasScannedForEncodings = 0;
			knownRegions = (
				ja,
				Base,
			);
			mainGroup = F2E53A901BAF2572112B408E;
			packageReferences = (
				90B72A991E1DCD4E48433A7D /* XCRemoteSwiftPackageReference "firebase-ios-sdk" */,
			);
			productRefGroup = 1C2E7EBAFE5884061F6DB64A /* Products */;
			projectDirPath = "";
			projectRoot = "";
			targets = (
				C493E5B9D19364E766DE0D1B /* LoraViewer */,
			);
		};
/* End PBXProject section */

/* Begin PBXResourcesBuildPhase section */
		8AA3D43F2D653A45FB3CF531 /* Resources */ = {
			isa = PBXResourcesBuildPhase;
			buildActionMask = 2147483647;
			files = (
				45B13990ADAFB8366DA6DC33 /* Assets.xcassets in Resources */,
				81BEF3A474DBBEFADE4F4952 /* Preview Assets.xcassets in Resources */,
				10CDEB7E7BCE0DA83EBA0CFE /* GoogleService-Info.plist in Resources */,
			);
			runOnlyForDeploymentPostprocessing = 0;
		};
/* End PBXResourcesBuildPhase section */

/* Begin PBXSourcesBuildPhase section */
		FBAEFC8EDF63713929964F62 /* Sources */ = {
			isa = PBXSourcesBuildPhase;
			buildActionMask = 2147483647;
			files = (
				F9957DB7DF2D2C367E927962 /* LoraViewerApp.swift in Sources */,
				BCD4FBB3E5F5F2AB09041F69 /* Decoding+Lenient.swift in Sources */,
				272EF6611C5EB6D381CE3D26 /* TrailRouteDateFormatter.swift in Sources */,
				258E7CB8694336A4353B2A91 /* GliderPosition.swift in Sources */,
				BEFDF00318CF670DF5289E63 /* AppConfig.swift in Sources */,
				B13C8D82EB1DD705E2BA1E12 /* TrackPoint.swift in Sources */,
				D10E798551C453E963789A81 /* GliderAlertReason.swift in Sources */,
				91B0224D1A2F9FCEC0491F07 /* CompetitionTaskCourse.swift in Sources */,
				9117CAA404CD0939B761CE3A /* TurnpointPassageRecord.swift in Sources */,
				EF0CA7587A026499C0BFBF16 /* APISettings.swift in Sources */,
				61CD3BC8F179F6227EEBC938 /* TrailRouteAPI.swift in Sources */,
				41E57F1A3CA2F561B37A9009 /* NicknameStore.swift in Sources */,
				6DC46FF13DC2003BEC474A8A /* BoardOCR.swift in Sources */,
				F411FB6731BDC85974FF1D99 /* FavoritesStore.swift in Sources */,
				1F8466D16DD28FD21F7A371B /* AlertSettings.swift in Sources */,
				32FCE8BF43AC106D3C651F73 /* CompetitionAltitudeGuideline.swift in Sources */,
				E5026B3B38A5889520A3538F /* UpperAltitudeGuideline.swift in Sources */,
				E5A34D9B6FF67C941B0768CB /* ProximityAlertSettings.swift in Sources */,
				A8A1F0B00F5D0AC0561AED18 /* LocationManager.swift in Sources */,
				D2B5AA6F597A43A0789F93A8 /* AlertNotifier.swift in Sources */,
				11BDB99DFB5971ACEA454330 /* SubscriptionManager.swift in Sources */,
				E165D105273E0B25324E16F0 /* TurnpointPassageLog.swift in Sources */,
				FC8320449B78BCD410170839 /* GliderTrackerViewModel.swift in Sources */,
				1D0BAD6D6F7163A9F9051594 /* GliderMarkerView.swift in Sources */,
				5AA9A9C63C9CF483D4757E94 /* GliderDetailCard.swift in Sources */,
				561BA8D742108E5A7B348741 /* GliderListView.swift in Sources */,
				F08F790B73C47F13F6532482 /* SettingsView.swift in Sources */,
				02D5648CA4B13801EC9685B8 /* TrackHistoryView.swift in Sources */,
				38C837989D60D755DE13DF92 /* CurrentMapView.swift in Sources */,
				8299B031365953536C53990F /* EditableGliderName.swift in Sources */,
				5F7F7DF059C8EE0F2CCA3575 /* BoardScanView.swift in Sources */,
				57237FB5F3FB4986EE0CD6CA /* CameraCaptureView.swift in Sources */,
				55DC4D36F877094017C56B17 /* FavoriteButton.swift in Sources */,
				CDF07251E0509BB693B8496C /* ReferencePointPickerView.swift in Sources */,
				DE8D69E8BCC618EA6183902C /* PaywallView.swift in Sources */,
				732A0268BA64A425F3BC441C /* TurnpointPassageHistoryView.swift in Sources */,
				BBCC8E2FDA0EBFDF73F65A88 /* MKCoordinateRegion+Fit.swift in Sources */,
				9258AD8090559228662BBCCF /* CLLocationCoordinate2D+Geometry.swift in Sources */,
			);
			runOnlyForDeploymentPostprocessing = 0;
		};
/* End PBXSourcesBuildPhase section */

/* Begin XCBuildConfiguration section */
		6F6D6D119D225F94A7F1BFD5 /* Debug */ = {
			isa = XCBuildConfiguration;
			buildSettings = {
			ALWAYS_SEARCH_USER_PATHS = NO;
			ASSETCATALOG_COMPILER_GENERATE_SWIFT_ASSET_SYMBOL_EXTENSIONS = YES;
			CLANG_ANALYZER_NONNULL = YES;
			CLANG_ANALYZER_NUMBER_OBJECT_CONVERSION = YES_AGGRESSIVE;
			CLANG_CXX_LANGUAGE_STANDARD = "gnu++20";
			CLANG_ENABLE_MODULES = YES;
			CLANG_ENABLE_OBJC_ARC = YES;
			CLANG_ENABLE_OBJC_WEAK = YES;
			CLANG_WARN_BLOCK_CAPTURE_AUTORELEASING = YES;
			CLANG_WARN_BOOL_CONVERSION = YES;
			CLANG_WARN_COMMA = YES;
			CLANG_WARN_CONSTANT_CONVERSION = YES;
			CLANG_WARN_DEPRECATED_OBJC_IMPLEMENTATIONS = YES;
			CLANG_WARN_DIRECT_OBJC_ISA_USAGE = YES_ERROR;
			CLANG_WARN_DOCUMENTATION_COMMENTS = YES;
			CLANG_WARN_EMPTY_BODY = YES;
			CLANG_WARN_ENUM_CONVERSION = YES;
			CLANG_WARN_INFINITE_RECURSION = YES;
			CLANG_WARN_INT_CONVERSION = YES;
			CLANG_WARN_NON_LITERAL_NULL_CONVERSION = YES;
			CLANG_WARN_OBJC_IMPLICIT_RETAIN_SELF = YES;
			CLANG_WARN_OBJC_LITERAL_CONVERSION = YES;
			CLANG_WARN_OBJC_ROOT_CLASS = YES_ERROR;
			CLANG_WARN_QUOTED_INCLUDE_IN_FRAMEWORK_HEADER = YES;
			CLANG_WARN_RANGE_LOOP_ANALYSIS = YES;
			CLANG_WARN_STRICT_PROTOTYPES = YES;
			CLANG_WARN_SUSPICIOUS_MOVE = YES;
			CLANG_WARN_UNGUARDED_AVAILABILITY = YES_AGGRESSIVE;
			CLANG_WARN_UNREACHABLE_CODE = YES;
			CLANG_WARN__DUPLICATE_METHOD_MATCH = YES;
			COPY_PHASE_STRIP = NO;
			DEBUG_INFORMATION_FORMAT = dwarf;
			ENABLE_STRICT_OBJC_MSGSEND = YES;
			ENABLE_TESTABILITY = YES;
			ENABLE_USER_SCRIPT_SANDBOXING = YES;
			GCC_C_LANGUAGE_STANDARD = gnu17;
			GCC_DYNAMIC_NO_PIC = NO;
			GCC_NO_COMMON_BLOCKS = YES;
			GCC_OPTIMIZATION_LEVEL = 0;
			GCC_PREPROCESSOR_DEFINITIONS = (
				"DEBUG=1",
				"$(inherited)",
			);
			GCC_WARN_64_TO_32_BIT_CONVERSION = YES;
			GCC_WARN_ABOUT_RETURN_TYPE = YES_ERROR;
			GCC_WARN_UNDECLARED_SELECTOR = YES;
			GCC_WARN_UNINITIALIZED_AUTOS = YES_AGGRESSIVE;
			GCC_WARN_UNUSED_FUNCTION = YES;
			GCC_WARN_UNUSED_VARIABLE = YES;
			IPHONEOS_DEPLOYMENT_TARGET = 17.0;
			LOCALIZATION_PREFERS_STRING_CATALOGS = YES;
			MTL_ENABLE_DEBUG_INFO = INCLUDE_SOURCE;
			MTL_FAST_MATH = YES;
			ONLY_ACTIVE_ARCH = YES;
			SDKROOT = iphoneos;
			SWIFT_ACTIVE_COMPILATION_CONDITIONS = "DEBUG $(inherited)";
			SWIFT_OPTIMIZATION_LEVEL = "-Onone";
			};
			name = Debug;
		};
		D5403B28432F8BE2FA36A420 /* Release */ = {
			isa = XCBuildConfiguration;
			buildSettings = {
			ALWAYS_SEARCH_USER_PATHS = NO;
			ASSETCATALOG_COMPILER_GENERATE_SWIFT_ASSET_SYMBOL_EXTENSIONS = YES;
			CLANG_ANALYZER_NONNULL = YES;
			CLANG_ANALYZER_NUMBER_OBJECT_CONVERSION = YES_AGGRESSIVE;
			CLANG_CXX_LANGUAGE_STANDARD = "gnu++20";
			CLANG_ENABLE_MODULES = YES;
			CLANG_ENABLE_OBJC_ARC = YES;
			CLANG_ENABLE_OBJC_WEAK = YES;
			CLANG_WARN_BLOCK_CAPTURE_AUTORELEASING = YES;
			CLANG_WARN_BOOL_CONVERSION = YES;
			CLANG_WARN_COMMA = YES;
			CLANG_WARN_CONSTANT_CONVERSION = YES;
			CLANG_WARN_DEPRECATED_OBJC_IMPLEMENTATIONS = YES;
			CLANG_WARN_DIRECT_OBJC_ISA_USAGE = YES_ERROR;
			CLANG_WARN_DOCUMENTATION_COMMENTS = YES;
			CLANG_WARN_EMPTY_BODY = YES;
			CLANG_WARN_ENUM_CONVERSION = YES;
			CLANG_WARN_INFINITE_RECURSION = YES;
			CLANG_WARN_INT_CONVERSION = YES;
			CLANG_WARN_NON_LITERAL_NULL_CONVERSION = YES;
			CLANG_WARN_OBJC_IMPLICIT_RETAIN_SELF = YES;
			CLANG_WARN_OBJC_LITERAL_CONVERSION = YES;
			CLANG_WARN_OBJC_ROOT_CLASS = YES_ERROR;
			CLANG_WARN_QUOTED_INCLUDE_IN_FRAMEWORK_HEADER = YES;
			CLANG_WARN_RANGE_LOOP_ANALYSIS = YES;
			CLANG_WARN_STRICT_PROTOTYPES = YES;
			CLANG_WARN_SUSPICIOUS_MOVE = YES;
			CLANG_WARN_UNGUARDED_AVAILABILITY = YES_AGGRESSIVE;
			CLANG_WARN_UNREACHABLE_CODE = YES;
			CLANG_WARN__DUPLICATE_METHOD_MATCH = YES;
			COPY_PHASE_STRIP = NO;
			DEBUG_INFORMATION_FORMAT = "dwarf-with-dsym";
			ENABLE_NS_ASSERTIONS = NO;
			ENABLE_STRICT_OBJC_MSGSEND = YES;
			ENABLE_USER_SCRIPT_SANDBOXING = YES;
			GCC_C_LANGUAGE_STANDARD = gnu17;
			GCC_NO_COMMON_BLOCKS = YES;
			GCC_WARN_64_TO_32_BIT_CONVERSION = YES;
			GCC_WARN_ABOUT_RETURN_TYPE = YES_ERROR;
			GCC_WARN_UNDECLARED_SELECTOR = YES;
			GCC_WARN_UNINITIALIZED_AUTOS = YES_AGGRESSIVE;
			GCC_WARN_UNUSED_FUNCTION = YES;
			GCC_WARN_UNUSED_VARIABLE = YES;
			IPHONEOS_DEPLOYMENT_TARGET = 17.0;
			LOCALIZATION_PREFERS_STRING_CATALOGS = YES;
			MTL_ENABLE_DEBUG_INFO = NO;
			MTL_FAST_MATH = YES;
			SDKROOT = iphoneos;
			SWIFT_COMPILATION_MODE = wholemodule;
			VALIDATE_PRODUCT = YES;
			};
			name = Release;
		};
		7FCDE99FDFF37E71626E1FB8 /* Debug */ = {
			isa = XCBuildConfiguration;
			buildSettings = {
			ASSETCATALOG_COMPILER_APPICON_NAME = AppIcon;
			ASSETCATALOG_COMPILER_GLOBAL_ACCENT_COLOR_NAME = AccentColor;
			CODE_SIGN_STYLE = Automatic;
			CURRENT_PROJECT_VERSION = 9;
			DEVELOPMENT_ASSET_PATHS = "\"LoraViewer/Preview Content\"";
			DEVELOPMENT_TEAM = 563XHL5ZLR;
			ENABLE_PREVIEWS = YES;
			GENERATE_INFOPLIST_FILE = YES;
			INFOPLIST_KEY_ITSAppUsesNonExemptEncryption = NO;
			INFOPLIST_KEY_CFBundleDisplayName = "LoRa妻沼";
			INFOPLIST_KEY_NSCameraUsageDescription = "ホワイトボードの名簿を撮影して読み取るために使用します。";
			INFOPLIST_KEY_NSLocationWhenInUseUsageDescription = "現在地を地図の中心に表示するために使用します。";
			INFOPLIST_KEY_UIApplicationSceneManifest_Generation = YES;
			INFOPLIST_KEY_UIApplicationSupportsIndoorNavigation = NO;
			INFOPLIST_KEY_UILaunchScreen_Generation = YES;
			INFOPLIST_KEY_UIRequiresFullScreen = NO;
			INFOPLIST_KEY_UISupportedInterfaceOrientations = "UIInterfaceOrientationPortrait UIInterfaceOrientationLandscapeLeft UIInterfaceOrientationLandscapeRight";
			INFOPLIST_KEY_UISupportedInterfaceOrientations_iPad = "UIInterfaceOrientationPortrait UIInterfaceOrientationPortraitUpsideDown UIInterfaceOrientationLandscapeLeft UIInterfaceOrientationLandscapeRight";
			LD_RUNPATH_SEARCH_PATHS = (
				"$(inherited)",
				"@executable_path/Frameworks",
			);
			MARKETING_VERSION = 1.1;
			PRODUCT_BUNDLE_IDENTIFIER = com.cobaltloom.loraviewer;
			PRODUCT_NAME = "$(TARGET_NAME)";
			SWIFT_EMIT_LOC_STRINGS = YES;
			SWIFT_VERSION = 5.0;
			TARGETED_DEVICE_FAMILY = "1,2";
			};
			name = Debug;
		};
		93F175443B5B674CF400622F /* Release */ = {
			isa = XCBuildConfiguration;
			buildSettings = {
			ASSETCATALOG_COMPILER_APPICON_NAME = AppIcon;
			ASSETCATALOG_COMPILER_GLOBAL_ACCENT_COLOR_NAME = AccentColor;
			CODE_SIGN_STYLE = Automatic;
			CURRENT_PROJECT_VERSION = 9;
			DEVELOPMENT_ASSET_PATHS = "\"LoraViewer/Preview Content\"";
			DEVELOPMENT_TEAM = 563XHL5ZLR;
			ENABLE_PREVIEWS = YES;
			GENERATE_INFOPLIST_FILE = YES;
			INFOPLIST_KEY_ITSAppUsesNonExemptEncryption = NO;
			INFOPLIST_KEY_CFBundleDisplayName = "LoRa妻沼";
			INFOPLIST_KEY_NSCameraUsageDescription = "ホワイトボードの名簿を撮影して読み取るために使用します。";
			INFOPLIST_KEY_NSLocationWhenInUseUsageDescription = "現在地を地図の中心に表示するために使用します。";
			INFOPLIST_KEY_UIApplicationSceneManifest_Generation = YES;
			INFOPLIST_KEY_UIApplicationSupportsIndoorNavigation = NO;
			INFOPLIST_KEY_UILaunchScreen_Generation = YES;
			INFOPLIST_KEY_UIRequiresFullScreen = NO;
			INFOPLIST_KEY_UISupportedInterfaceOrientations = "UIInterfaceOrientationPortrait UIInterfaceOrientationLandscapeLeft UIInterfaceOrientationLandscapeRight";
			INFOPLIST_KEY_UISupportedInterfaceOrientations_iPad = "UIInterfaceOrientationPortrait UIInterfaceOrientationPortraitUpsideDown UIInterfaceOrientationLandscapeLeft UIInterfaceOrientationLandscapeRight";
			LD_RUNPATH_SEARCH_PATHS = (
				"$(inherited)",
				"@executable_path/Frameworks",
			);
			MARKETING_VERSION = 1.1;
			PRODUCT_BUNDLE_IDENTIFIER = com.cobaltloom.loraviewer;
			PRODUCT_NAME = "$(TARGET_NAME)";
			SWIFT_EMIT_LOC_STRINGS = YES;
			SWIFT_VERSION = 5.0;
			TARGETED_DEVICE_FAMILY = "1,2";
			};
			name = Release;
		};
/* End XCBuildConfiguration section */

/* Begin XCConfigurationList section */
		52ACF2C757877ACBCBC431FD /* Build configuration list for PBXProject "LoraViewer" */ = {
			isa = XCConfigurationList;
			buildConfigurations = (
				6F6D6D119D225F94A7F1BFD5 /* Debug */,
				D5403B28432F8BE2FA36A420 /* Release */,
			);
			defaultConfigurationIsVisible = 0;
			defaultConfigurationName = Release;
		};
		4D0A4D6EEBC1F5E97631D59C /* Build configuration list for PBXNativeTarget "LoraViewer" */ = {
			isa = XCConfigurationList;
			buildConfigurations = (
				7FCDE99FDFF37E71626E1FB8 /* Debug */,
				93F175443B5B674CF400622F /* Release */,
			);
			defaultConfigurationIsVisible = 0;
			defaultConfigurationName = Release;
		};
/* End XCConfigurationList section */

/* Begin XCRemoteSwiftPackageReference section */
		90B72A991E1DCD4E48433A7D /* XCRemoteSwiftPackageReference "firebase-ios-sdk" */ = {
			isa = XCRemoteSwiftPackageReference;
			repositoryURL = "https://github.com/firebase/firebase-ios-sdk";
			requirement = {
				kind = upToNextMajorVersion;
				minimumVersion = 11.0.0;
			};
		};
/* End XCRemoteSwiftPackageReference section */

/* Begin XCSwiftPackageProductDependency section */
		07A45F1F432AB06BAE50A18A /* FirebaseCore */ = {
			isa = XCSwiftPackageProductDependency;
			package = 90B72A991E1DCD4E48433A7D /* XCRemoteSwiftPackageReference "firebase-ios-sdk" */;
			productName = FirebaseCore;
		};
		331CE90B1568FCF94816D8D2 /* FirebaseFirestore */ = {
			isa = XCSwiftPackageProductDependency;
			package = 90B72A991E1DCD4E48433A7D /* XCRemoteSwiftPackageReference "firebase-ios-sdk" */;
			productName = FirebaseFirestore;
		};
/* End XCSwiftPackageProductDependency section */

	};
	rootObject = FEE91B0278E5F119A24F6306 /* Project object */;
}
